// !$*UTF8*$!
{
	archiveVersion = 1;
	classes = {
	};
	objectVersion = 46;
	objects = {

/* Begin PBXBuildFile section */
		0769CAA3A2920DCC9DE28008 /* libPods-LiuMeiTuanIpad.a in Frameworks */ = {isa = PBXBuildFile; fileRef = 3DA9332FB881611F9CD21DBC /* libPods-LiuMeiTuanIpad.a */; };
		33271FAE1ECAFCBF0064DF9B /* main.m in Sources */ = {isa = PBXBuildFile; fileRef = 33271FAD1ECAFCBF0064DF9B /* main.m */; };
		33271FB11ECAFCBF0064DF9B /* AppDelegate.m in Sources */ = {isa = PBXBuildFile; fileRef = 33271FB01ECAFCBF0064DF9B /* AppDelegate.m */; };
		33271FB91ECAFCBF0064DF9B /* Assets.xcassets in Resources */ = {isa = PBXBuildFile; fileRef = 33271FB81ECAFCBF0064DF9B /* Assets.xcassets */; };
		33271FC81ECB33A60064DF9B /* categories.plist in Resources */ = {isa = PBXBuildFile; fileRef = 33271FC41ECB33A60064DF9B /* categories.plist */; };
		33271FC91ECB33A60064DF9B /* cities.plist in Resources */ = {isa = PBXBuildFile; fileRef = 33271FC51ECB33A60064DF9B /* cities.plist */; };
		33271FCA1ECB33A60064DF9B /* cityGroups.plist in Resources */ = {isa = PBXBuildFile; fileRef = 33271FC61ECB33A60064DF9B /* cityGroups.plist */; };
		33271FCB1ECB33A60064DF9B /* sorts.plist in Resources */ = {isa = PBXBuildFile; fileRef = 33271FC71ECB33A60064DF9B /* sorts.plist */; };
		33271FD91ECBD6300064DF9B /* LXCBaseTabBarController.m in Sources */ = {isa = PBXBuildFile; fileRef = 33271FD81ECBD6300064DF9B /* LXCBaseTabBarController.m */; };
		33271FDC1ECBD64C0064DF9B /* LXCBaseNavigationController.m in Sources */ = {isa = PBXBuildFile; fileRef = 33271FDB1ECBD64C0064DF9B /* LXCBaseNavigationController.m */; };
		33271FDF1ECBDD390064DF9B /* LXCHomeViewController.m in Sources */ = {isa = PBXBuildFile; fileRef = 33271FDE1ECBDD390064DF9B /* LXCHomeViewController.m */; };
		33271FE51ECBF6320064DF9B /* UIBarButtonItem+HMCategory.m in Sources */ = {isa = PBXBuildFile; fileRef = 33271FE21ECBF6320064DF9B /* UIBarButtonItem+HMCategory.m */; };
		33271FE91ECBF6AE0064DF9B /* UIView+HMCategory.m in Sources */ = {isa = PBXBuildFile; fileRef = 33271FE81ECBF6AE0064DF9B /* UIView+HMCategory.m */; };
		33271FF41ECC70880064DF9B /* LXCCategoryViewController.m in Sources */ = {isa = PBXBuildFile; fileRef = 33271FF11ECC70880064DF9B /* LXCCategoryViewController.m */; };
		33271FF71ECC70D10064DF9B /* LXCHomeNavItem.m in Sources */ = {isa = PBXBuildFile; fileRef = 33271FF61ECC70D10064DF9B /* LXCHomeNavItem.m */; };
		33271FF91ECC70E50064DF9B /* LXCHomeNavItem.xib in Resources */ = {isa = PBXBuildFile; fileRef = 33271FF81ECC70E50064DF9B /* LXCHomeNavItem.xib */; };
		33271FFD1ECC7AB90064DF9B /* LXCPopoverView.m in Sources */ = {isa = PBXBuildFile; fileRef = 33271FFC1ECC7AB90064DF9B /* LXCPopoverView.m */; };
		33271FFF1ECC7AC60064DF9B /* LXCPopoverView.xib in Resources */ = {isa = PBXBuildFile; fileRef = 33271FFE1ECC7AC60064DF9B /* LXCPopoverView.xib */; };
		332720021ECD465B0064DF9B /* LXCCategoryModel.m in Sources */ = {isa = PBXBuildFile; fileRef = 332720011ECD465B0064DF9B /* LXCCategoryModel.m */; };
		3327200D1ECD525B0064DF9B /* LXCDistrictViewController.m in Sources */ = {isa = PBXBuildFile; fileRef = 3327200A1ECD525B0064DF9B /* LXCDistrictViewController.m */; };
		332720101ECD52870064DF9B /* LXCDistrictModel.m in Sources */ = {isa = PBXBuildFile; fileRef = 3327200F1ECD52870064DF9B /* LXCDistrictModel.m */; };
		332720131ECD53530064DF9B /* LXCCityModel.m in Sources */ = {isa = PBXBuildFile; fileRef = 332720121ECD53530064DF9B /* LXCCityModel.m */; };
/* End PBXBuildFile section */

/* Begin PBXFileReference section */
		33271FA91ECAFCBF0064DF9B /* LiuMeiTuanIpad.app */ = {isa = PBXFileReference; explicitFileType = wrapper.application; includeInIndex = 0; path = LiuMeiTuanIpad.app; sourceTree = BUILT_PRODUCTS_DIR; };
		33271FAD1ECAFCBF0064DF9B /* main.m */ = {isa = PBXFileReference; lastKnownFileType = sourcecode.c.objc; path = main.m; sourceTree = "<group>"; };
		33271FAF1ECAFCBF0064DF9B /* AppDelegate.h */ = {isa = PBXFileReference; lastKnownFileType = sourcecode.c.h; name = AppDelegate.h; path = ../../../AppDelegate.h; sourceTree = "<group>"; };
		33271FB01ECAFCBF0064DF9B /* AppDelegate.m */ = {isa = PBXFileReference; lastKnownFileType = sourcecode.c.objc; name = AppDelegate.m; path = ../../../AppDelegate.m; sourceTree = "<group>"; };
		33271FB81ECAFCBF0064DF9B /* Assets.xcassets */ = {isa = PBXFileReference; lastKnownFileType = folder.assetcatalog; path = Assets.xcassets; sourceTree = "<group>"; };
		33271FBD1ECAFCBF0064DF9B /* Info.plist */ = {isa = PBXFileReference; lastKnownFileType = text.plist.xml; path = Info.plist; sourceTree = "<group>"; };
		33271FC41ECB33A60064DF9B /* categories.plist */ = {isa = PBXFileReference; fileEncoding = 4; lastKnownFileType = text.plist.xml; path = categories.plist; sourceTree = "<group>"; };
		33271FC51ECB33A60064DF9B /* cities.plist */ = {isa = PBXFileReference; fileEncoding = 4; lastKnownFileType = text.plist.xml; path = cities.plist; sourceTree = "<group>"; };
		33271FC61ECB33A60064DF9B /* cityGroups.plist */ = {isa = PBXFileReference; fileEncoding = 4; lastKnownFileType = text.plist.xml; path = cityGroups.plist; sourceTree = "<group>"; };
		33271FC71ECB33A60064DF9B /* sorts.plist */ = {isa = PBXFileReference; fileEncoding = 4; lastKnownFileType = text.plist.xml; path = sorts.plist; sourceTree = "<group>"; };
		33271FD71ECBD6300064DF9B /* LXCBaseTabBarController.h */ = {isa = PBXFileReference; fileEncoding = 4; lastKnownFileType = sourcecode.c.h; path = LXCBaseTabBarController.h; sourceTree = "<group>"; };
		33271FD81ECBD6300064DF9B /* LXCBaseTabBarController.m */ = {isa = PBXFileReference; fileEncoding = 4; lastKnownFileType = sourcecode.c.objc; path = LXCBaseTabBarController.m; sourceTree = "<group>"; };
		33271FDA1ECBD64C0064DF9B /* LXCBaseNavigationController.h */ = {isa = PBXFileReference; fileEncoding = 4; lastKnownFileType = sourcecode.c.h; path = LXCBaseNavigationController.h; sourceTree = "<group>"; };
		33271FDB1ECBD64C0064DF9B /* LXCBaseNavigationController.m */ = {isa = PBXFileReference; fileEncoding = 4; lastKnownFileType = sourcecode.c.objc; path = LXCBaseNavigationController.m; sourceTree = "<group>"; };
		33271FDD1ECBDD390064DF9B /* LXCHomeViewController.h */ = {isa = PBXFileReference; fileEncoding = 4; lastKnownFileType = sourcecode.c.h; path = LXCHomeViewController.h; sourceTree = "<group>"; };
		33271FDE1ECBDD390064DF9B /* LXCHomeViewController.m */ = {isa = PBXFileReference; fileEncoding = 4; lastKnownFileType = sourcecode.c.objc; path = LXCHomeViewController.m; sourceTree = "<group>"; };
		33271FE01ECBDE480064DF9B /* PrefixHeader.pch */ = {isa = PBXFileReference; fileEncoding = 4; lastKnownFileType = sourcecode.c.h; path = PrefixHeader.pch; sourceTree = "<group>"; };
		33271FE11ECBF6320064DF9B /* UIBarButtonItem+HMCategory.h */ = {isa = PBXFileReference; fileEncoding = 4; lastKnownFileType = sourcecode.c.h; path = "UIBarButtonItem+HMCategory.h"; sourceTree = "<group>"; };
		33271FE21ECBF6320064DF9B /* UIBarButtonItem+HMCategory.m */ = {isa = PBXFileReference; fileEncoding = 4; lastKnownFileType = sourcecode.c.objc; path = "UIBarButtonItem+HMCategory.m"; sourceTree = "<group>"; };
		33271FE71ECBF6AE0064DF9B /* UIView+HMCategory.h */ = {isa = PBXFileReference; fileEncoding = 4; lastKnownFileType = sourcecode.c.h; path = "UIView+HMCategory.h"; sourceTree = "<group>"; };
		33271FE81ECBF6AE0064DF9B /* UIView+HMCategory.m */ = {isa = PBXFileReference; fileEncoding = 4; lastKnownFileType = sourcecode.c.objc; path = "UIView+HMCategory.m"; sourceTree = "<group>"; };
		33271FF01ECC70880064DF9B /* LXCCategoryViewController.h */ = {isa = PBXFileReference; fileEncoding = 4; lastKnownFileType = sourcecode.c.h; path = LXCCategoryViewController.h; sourceTree = "<group>"; };
		33271FF11ECC70880064DF9B /* LXCCategoryViewController.m */ = {isa = PBXFileReference; fileEncoding = 4; lastKnownFileType = sourcecode.c.objc; path = LXCCategoryViewController.m; sourceTree = "<group>"; };
		33271FF51ECC70D10064DF9B /* LXCHomeNavItem.h */ = {isa = PBXFileReference; fileEncoding = 4; lastKnownFileType = sourcecode.c.h; path = LXCHomeNavItem.h; sourceTree = "<group>"; };
		33271FF61ECC70D10064DF9B /* LXCHomeNavItem.m */ = {isa = PBXFileReference; fileEncoding = 4; lastKnownFileType = sourcecode.c.objc; path = LXCHomeNavItem.m; sourceTree = "<group>"; };
		33271FF81ECC70E50064DF9B /* LXCHomeNavItem.xib */ = {isa = PBXFileReference; fileEncoding = 4; lastKnownFileType = file.xib; path = LXCHomeNavItem.xib; sourceTree = "<group>"; };
		33271FFB1ECC7AB90064DF9B /* LXCPopoverView.h */ = {isa = PBXFileReference; fileEncoding = 4; lastKnownFileType = sourcecode.c.h; path = LXCPopoverView.h; sourceTree = "<group>"; };
		33271FFC1ECC7AB90064DF9B /* LXCPopoverView.m */ = {isa = PBXFileReference; fileEncoding = 4; lastKnownFileType = sourcecode.c.objc; path = LXCPopoverView.m; sourceTree = "<group>"; };
		33271FFE1ECC7AC60064DF9B /* LXCPopoverView.xib */ = {isa = PBXFileReference; fileEncoding = 4; lastKnownFileType = file.xib; path = LXCPopoverView.xib; sourceTree = "<group>"; };
		332720001ECD465B0064DF9B /* LXCCategoryModel.h */ = {isa = PBXFileReference; fileEncoding = 4; lastKnownFileType = sourcecode.c.h; path = LXCCategoryModel.h; sourceTree = "<group>"; };
		332720011ECD465B0064DF9B /* LXCCategoryModel.m */ = {isa = PBXFileReference; fileEncoding = 4; lastKnownFileType = sourcecode.c.objc; path = LXCCategoryModel.m; sourceTree = "<group>"; };
		332720091ECD525B0064DF9B /* LXCDistrictViewController.h */ = {isa = PBXFileReference; fileEncoding = 4; lastKnownFileType = sourcecode.c.h; path = LXCDistrictViewController.h; sourceTree = "<group>"; };
		3327200A1ECD525B0064DF9B /* LXCDistrictViewController.m */ = {isa = PBXFileReference; fileEncoding = 4; lastKnownFileType = sourcecode.c.objc; path = LXCDistrictViewController.m; sourceTree = "<group>"; };
		3327200E1ECD52870064DF9B /* LXCDistrictModel.h */ = {isa = PBXFileReference; fileEncoding = 4; lastKnownFileType = sourcecode.c.h; path = LXCDistrictModel.h; sourceTree = "<group>"; };
		3327200F1ECD52870064DF9B /* LXCDistrictModel.m */ = {isa = PBXFileReference; fileEncoding = 4; lastKnownFileType = sourcecode.c.objc; path = LXCDistrictModel.m; sourceTree = "<group>"; };
		332720111ECD53530064DF9B /* LXCCityModel.h */ = {isa = PBXFileReference; fileEncoding = 4; lastKnownFileType = sourcecode.c.h; path = LXCCityModel.h; sourceTree = "<group>"; };
		332720121ECD53530064DF9B /* LXCCityModel.m */ = {isa = PBXFileReference; fileEncoding = 4; lastKnownFileType = sourcecode.c.objc; path = LXCCityModel.m; sourceTree = "<group>"; };
		3DA9332FB881611F9CD21DBC /* libPods-LiuMeiTuanIpad.a */ = {isa = PBXFileReference; explicitFileType = archive.ar; includeInIndex = 0; path = "libPods-LiuMeiTuanIpad.a"; sourceTree = BUILT_PRODUCTS_DIR; };
		939C31A0B451ADD4EABBA2F9 /* Pods-LiuMeiTuanIpad.debug.xcconfig */ = {isa = PBXFileReference; includeInIndex = 1; lastKnownFileType = text.xcconfig; name = "Pods-LiuMeiTuanIpad.debug.xcconfig"; path = "Pods/Target Support Files/Pods-LiuMeiTuanIpad/Pods-LiuMeiTuanIpad.debug.xcconfig"; sourceTree = "<group>"; };
		EFCD8D0664FA612A03F66FFD /* Pods-LiuMeiTuanIpad.release.xcconfig */ = {isa = PBXFileReference; includeInIndex = 1; lastKnownFileType = text.xcconfig; name = "Pods-LiuMeiTuanIpad.release.xcconfig"; path = "Pods/Target Support Files/Pods-LiuMeiTuanIpad/Pods-LiuMeiTuanIpad.release.xcconfig"; sourceTree = "<group>"; };
/* End PBXFileReference section */

/* Begin PBXFrameworksBuildPhase section */
		33271FA61ECAFCBF0064DF9B /* Frameworks */ = {
			isa = PBXFrameworksBuildPhase;
			buildActionMask = 2147483647;
			files = (
				0769CAA3A2920DCC9DE28008 /* libPods-LiuMeiTuanIpad.a in Frameworks */,
			);
			runOnlyForDeploymentPostprocessing = 0;
		};
/* End PBXFrameworksBuildPhase section */

/* Begin PBXGroup section */
		008A972A42035CBBA8A5BF1B /* Pods */ = {
			isa = PBXGroup;
			children = (
				939C31A0B451ADD4EABBA2F9 /* Pods-LiuMeiTuanIpad.debug.xcconfig */,
				EFCD8D0664FA612A03F66FFD /* Pods-LiuMeiTuanIpad.release.xcconfig */,
			);
			name = Pods;
			sourceTree = "<group>";
		};
		33271FA01ECAFCBF0064DF9B = {
			isa = PBXGroup;
			children = (
				33271FAB1ECAFCBF0064DF9B /* LiuMeiTuanIpad */,
				33271FAA1ECAFCBF0064DF9B /* Products */,
				008A972A42035CBBA8A5BF1B /* Pods */,
				FD8AEA184E1CFC1F6324D8B0 /* Frameworks */,
			);
			sourceTree = "<group>";
		};
		33271FAA1ECAFCBF0064DF9B /* Products */ = {
			isa = PBXGroup;
			children = (
				33271FA91ECAFCBF0064DF9B /* LiuMeiTuanIpad.app */,
			);
			name = Products;
			sourceTree = "<group>";
		};
		33271FAB1ECAFCBF0064DF9B /* LiuMeiTuanIpad */ = {
			isa = PBXGroup;
			children = (
				33271FCC1ECB35E10064DF9B /* Classes */,
				33271FB81ECAFCBF0064DF9B /* Assets.xcassets */,
				33271FAC1ECAFCBF0064DF9B /* Supporting Files */,
			);
			path = LiuMeiTuanIpad;
			sourceTree = "<group>";
		};
		33271FAC1ECAFCBF0064DF9B /* Supporting Files */ = {
			isa = PBXGroup;
			children = (
				33271FBD1ECAFCBF0064DF9B /* Info.plist */,
				33271FE01ECBDE480064DF9B /* PrefixHeader.pch */,
				33271FAD1ECAFCBF0064DF9B /* main.m */,
				33271FC31ECB33A60064DF9B /* Plist */,
			);
			name = "Supporting Files";
			sourceTree = "<group>";
		};
		33271FC31ECB33A60064DF9B /* Plist */ = {
			isa = PBXGroup;
			children = (
				33271FC41ECB33A60064DF9B /* categories.plist */,
				33271FC51ECB33A60064DF9B /* cities.plist */,
				33271FC61ECB33A60064DF9B /* cityGroups.plist */,
				33271FC71ECB33A60064DF9B /* sorts.plist */,
			);
			path = Plist;
			sourceTree = "<group>";
		};
		33271FCC1ECB35E10064DF9B /* Classes */ = {
			isa = PBXGroup;
			children = (
				332720071ECD525B0064DF9B /* District */,
				33271FEE1ECC70880064DF9B /* Category */,
				33271FCD1ECB35E10064DF9B /* Home */,
				33271FD11ECB35E10064DF9B /* Main */,
			);
			path = Classes;
			sourceTree = "<group>";
		};
		33271FCD1ECB35E10064DF9B /* Home */ = {
			isa = PBXGroup;
			children = (
				33271FCE1ECB35E10064DF9B /* Controller */,
				33271FCF1ECB35E10064DF9B /* Model */,
				33271FD01ECB35E10064DF9B /* View */,
			);
			path = Home;
			sourceTree = "<group>";
		};
		33271FCE1ECB35E10064DF9B /* Controller */ = {
			isa = PBXGroup;
			children = (
				33271FDD1ECBDD390064DF9B /* LXCHomeViewController.h */,
				33271FDE1ECBDD390064DF9B /* LXCHomeViewController.m */,
			);
			path = Controller;
			sourceTree = "<group>";
		};
		33271FCF1ECB35E10064DF9B /* Model */ = {
			isa = PBXGroup;
			children = (
			);
			path = Model;
			sourceTree = "<group>";
		};
		33271FD01ECB35E10064DF9B /* View */ = {
			isa = PBXGroup;
			children = (
				33271FF51ECC70D10064DF9B /* LXCHomeNavItem.h */,
				33271FF61ECC70D10064DF9B /* LXCHomeNavItem.m */,
				33271FF81ECC70E50064DF9B /* LXCHomeNavItem.xib */,
			);
			path = View;
			sourceTree = "<group>";
		};
		33271FD11ECB35E10064DF9B /* Main */ = {
			isa = PBXGroup;
			children = (
				33271FFA1ECC7A970064DF9B /* View */,
				33271FD21ECB35E10064DF9B /* Base */,
				33271FD31ECB35E10064DF9B /* Category */,
				33271FD41ECB35E10064DF9B /* Lib */,
				33271FD51ECB35E10064DF9B /* Other */,
				33271FD61ECB35E10064DF9B /* Tools */,
			);
			path = Main;
			sourceTree = "<group>";
		};
		33271FD21ECB35E10064DF9B /* Base */ = {
			isa = PBXGroup;
			children = (
				33271FD71ECBD6300064DF9B /* LXCBaseTabBarController.h */,
				33271FD81ECBD6300064DF9B /* LXCBaseTabBarController.m */,
				33271FDA1ECBD64C0064DF9B /* LXCBaseNavigationController.h */,
				33271FDB1ECBD64C0064DF9B /* LXCBaseNavigationController.m */,
			);
			path = Base;
			sourceTree = "<group>";
		};
		33271FD31ECB35E10064DF9B /* Category */ = {
			isa = PBXGroup;
			children = (
				33271FE11ECBF6320064DF9B /* UIBarButtonItem+HMCategory.h */,
				33271FE21ECBF6320064DF9B /* UIBarButtonItem+HMCategory.m */,
				33271FE71ECBF6AE0064DF9B /* UIView+HMCategory.h */,
				33271FE81ECBF6AE0064DF9B /* UIView+HMCategory.m */,
			);
			path = Category;
			sourceTree = "<group>";
		};
		33271FD41ECB35E10064DF9B /* Lib */ = {
			isa = PBXGroup;
			children = (
			);
			path = Lib;
			sourceTree = "<group>";
		};
		33271FD51ECB35E10064DF9B /* Other */ = {
			isa = PBXGroup;
			children = (
				33271FAF1ECAFCBF0064DF9B /* AppDelegate.h */,
				33271FB01ECAFCBF0064DF9B /* AppDelegate.m */,
			);
			path = Other;
			sourceTree = "<group>";
		};
		33271FD61ECB35E10064DF9B /* Tools */ = {
			isa = PBXGroup;
			children = (
			);
			path = Tools;
			sourceTree = "<group>";
		};
		33271FEE1ECC70880064DF9B /* Category */ = {
			isa = PBXGroup;
			children = (
				33271FEF1ECC70880064DF9B /* Controller */,
				33271FF21ECC70880064DF9B /* Model */,
				33271FF31ECC70880064DF9B /* View */,
			);
			path = Category;
			sourceTree = "<group>";
		};
		33271FEF1ECC70880064DF9B /* Controller */ = {
			isa = PBXGroup;
			children = (
				33271FF01ECC70880064DF9B /* LXCCategoryViewController.h */,
				33271FF11ECC70880064DF9B /* LXCCategoryViewController.m */,
			);
			path = Controller;
			sourceTree = "<group>";
		};
		33271FF21ECC70880064DF9B /* Model */ = {
			isa = PBXGroup;
			children = (
				332720001ECD465B0064DF9B /* LXCCategoryModel.h */,
				332720011ECD465B0064DF9B /* LXCCategoryModel.m */,
			);
			path = Model;
			sourceTree = "<group>";
		};
		33271FF31ECC70880064DF9B /* View */ = {
			isa = PBXGroup;
			children = (
			);
			path = View;
			sourceTree = "<group>";
		};
		33271FFA1ECC7A970064DF9B /* View */ = {
			isa = PBXGroup;
			children = (
				33271FFB1ECC7AB90064DF9B /* LXCPopoverView.h */,
				33271FFC1ECC7AB90064DF9B /* LXCPopoverView.m */,
				33271FFE1ECC7AC60064DF9B /* LXCPopoverView.xib */,
			);
			name = View;
			sourceTree = "<group>";
		};
		332720071ECD525B0064DF9B /* District */ = {
			isa = PBXGroup;
			children = (
				332720081ECD525B0064DF9B /* Controller */,
				3327200B1ECD525B0064DF9B /* Model */,
				3327200C1ECD525B0064DF9B /* View */,
			);
			path = District;
			sourceTree = "<group>";
		};
		332720081ECD525B0064DF9B /* Controller */ = {
			isa = PBXGroup;
			children = (
				332720091ECD525B0064DF9B /* LXCDistrictViewController.h */,
				3327200A1ECD525B0064DF9B /* LXCDistrictViewController.m */,
			);
			path = Controller;
			sourceTree = "<group>";
		};
		3327200B1ECD525B0064DF9B /* Model */ = {
			isa = PBXGroup;
			children = (
				3327200E1ECD52870064DF9B /* LXCDistrictModel.h */,
				3327200F1ECD52870064DF9B /* LXCDistrictModel.m */,
				332720111ECD53530064DF9B /* LXCCityModel.h */,
				332720121ECD53530064DF9B /* LXCCityModel.m */,
			);
			path = Model;
			sourceTree = "<group>";
		};
		3327200C1ECD525B0064DF9B /* View */ = {
			isa = PBXGroup;
			children = (
			);
			path = View;
			sourceTree = "<group>";
		};
		FD8AEA184E1CFC1F6324D8B0 /* Frameworks */ = {
			isa = PBXGroup;
			children = (
				3DA9332FB881611F9CD21DBC /* libPods-LiuMeiTuanIpad.a */,
			);
			name = Frameworks;
			sourceTree = "<group>";
		};
/* End PBXGroup section */

/* Begin PBXNativeTarget section */
		33271FA81ECAFCBF0064DF9B /* LiuMeiTuanIpad */ = {
			isa = PBXNativeTarget;
			buildConfigurationList = 33271FC01ECAFCBF0064DF9B /* Build configuration list for PBXNativeTarget "LiuMeiTuanIpad" */;
			buildPhases = (
				E1C092E73F3095372518537F /* [CP] Check Pods Manifest.lock */,
				33271FA51ECAFCBF0064DF9B /* Sources */,
				33271FA61ECAFCBF0064DF9B /* Frameworks */,
				33271FA71ECAFCBF0064DF9B /* Resources */,
				7DCF4A171EE873CF9FFC1705 /* [CP] Embed Pods Frameworks */,
				0BEA12ACB4E24C947EC4D778 /* [CP] Copy Pods Resources */,
			);
			buildRules = (
			);
			dependencies = (
			);
			name = LiuMeiTuanIpad;
			productName = LiuMeiTuanIpad;
			productReference = 33271FA91ECAFCBF0064DF9B /* LiuMeiTuanIpad.app */;
			productType = "com.apple.product-type.application";
		};
/* End PBXNativeTarget section */

/* Begin PBXProject section */
		33271FA11ECAFCBF0064DF9B /* Project object */ = {
			isa = PBXProject;
			attributes = {
				LastUpgradeCheck = 0830;
				ORGANIZATIONNAME = "刘晓晨";
				TargetAttributes = {
					33271FA81ECAFCBF0064DF9B = {
						CreatedOnToolsVersion = 8.3.2;
						ProvisioningStyle = Automatic;
					};
				};
			};
			buildConfigurationList = 33271FA41ECAFCBF0064DF9B /* Build configuration list for PBXProject "LiuMeiTuanIpad" */;
			compatibilityVersion = "Xcode 3.2";
			developmentRegion = English;
			hasScannedForEncodings = 0;
			knownRegions = (
				en,
				Base,
			);
			mainGroup = 33271FA01ECAFCBF0064DF9B;
			productRefGroup = 33271FAA1ECAFCBF0064DF9B /* Products */;
			projectDirPath = "";
			projectRoot = "";
			targets = (
				33271FA81ECAFCBF0064DF9B /* LiuMeiTuanIpad */,
			);
		};
/* End PBXProject section */

/* Begin PBXResourcesBuildPhase section */
		33271FA71ECAFCBF0064DF9B /* Resources */ = {
			isa = PBXResourcesBuildPhase;
			buildActionMask = 2147483647;
			files = (
				33271FC91ECB33A60064DF9B /* cities.plist in Resources */,
				33271FC81ECB33A60064DF9B /* categories.plist in Resources */,
				33271FCB1ECB33A60064DF9B /* sorts.plist in Resources */,
				33271FF91ECC70E50064DF9B /* LXCHomeNavItem.xib in Resources */,
				33271FFF1ECC7AC60064DF9B /* LXCPopoverView.xib in Resources */,
				33271FB91ECAFCBF0064DF9B /* Assets.xcassets in Resources */,
				33271FCA1ECB33A60064DF9B /* cityGroups.plist in Resources */,
			);
			runOnlyForDeploymentPostprocessing = 0;
		};
/* End PBXResourcesBuildPhase section */

/* Begin PBXShellScriptBuildPhase section */
		0BEA12ACB4E24C947EC4D778 /* [CP] Copy Pods Resources */ = {
			isa = PBXShellScriptBuildPhase;
			buildActionMask = 2147483647;
			files = (
			);
			inputPaths = (
			);
			name = "[CP] Copy Pods Resources";
			outputPaths = (
			);
			runOnlyForDeploymentPostprocessing = 0;
			shellPath = /bin/sh;
			shellScript = "\"${SRCROOT}/Pods/Target Support Files/Pods-LiuMeiTuanIpad/Pods-LiuMeiTuanIpad-resources.sh\"\n";
			showEnvVarsInLog = 0;
		};
		7DCF4A171EE873CF9FFC1705 /* [CP] Embed Pods Frameworks */ = {
			isa = PBXShellScriptBuildPhase;
			buildActionMask = 2147483647;
			files = (
			);
			inputPaths = (
			);
			name = "[CP] Embed Pods Frameworks";
			outputPaths = (
			);
			runOnlyForDeploymentPostprocessing = 0;
			shellPath = /bin/sh;
			shellScript = "\"${SRCROOT}/Pods/Target Support Files/Pods-LiuMeiTuanIpad/Pods-LiuMeiTuanIpad-frameworks.sh\"\n";
			showEnvVarsInLog = 0;
		};
		E1C092E73F3095372518537F /* [CP] Check Pods Manifest.lock */ = {
			isa = PBXShellScriptBuildPhase;
			buildActionMask = 2147483647;
			files = (
			);
			inputPaths = (
			);
			name = "[CP] Check Pods Manifest.lock";
			outputPaths = (
			);
			runOnlyForDeploymentPostprocessing = 0;
			shellPath = /bin/sh;
			shellScript = "diff \"${PODS_ROOT}/../Podfile.lock\" \"${PODS_ROOT}/Manifest.lock\" > /dev/null\nif [ $? != 0 ] ; then\n    # print error to STDERR\n    echo \"error: The sandbox is not in sync with the Podfile.lock. Run 'pod install' or update your CocoaPods installation.\" >&2\n    exit 1\nfi\n";
			showEnvVarsInLog = 0;
		};
/* End PBXShellScriptBuildPhase section */

/* Begin PBXSourcesBuildPhase section */
		33271FA51ECAFCBF0064DF9B /* Sources */ = {
			isa = PBXSourcesBuildPhase;
			buildActionMask = 2147483647;
			files = (
				332720021ECD465B0064DF9B /* LXCCategoryModel.m in Sources */,
				33271FB11ECAFCBF0064DF9B /* AppDelegate.m in Sources */,
				3327200D1ECD525B0064DF9B /* LXCDistrictViewController.m in Sources */,
				33271FE91ECBF6AE0064DF9B /* UIView+HMCategory.m in Sources */,
				33271FFD1ECC7AB90064DF9B /* LXCPopoverView.m in Sources */,
				33271FF41ECC70880064DF9B /* LXCCategoryViewController.m in Sources */,
				33271FD91ECBD6300064DF9B /* LXCBaseTabBarController.m in Sources */,
				33271FDC1ECBD64C0064DF9B /* LXCBaseNavigationController.m in Sources */,
				33271FF71ECC70D10064DF9B /* LXCHomeNavItem.m in Sources */,
				332720101ECD52870064DF9B /* LXCDistrictModel.m in Sources */,
				332720131ECD53530064DF9B /* LXCCityModel.m in Sources */,
				33271FE51ECBF6320064DF9B /* UIBarButtonItem+HMCategory.m in Sources */,
				33271FAE1ECAFCBF0064DF9B /* main.m in Sources */,
				33271FDF1ECBDD390064DF9B /* LXCHomeViewController.m in Sources */,
			);
			runOnlyForDeploymentPostprocessing = 0;
		};
/* End PBXSourcesBuildPhase section */

/* Begin XCBuildConfiguration section */
		33271FBE1ECAFCBF0064DF9B /* Debug */ = {
			isa = XCBuildConfiguration;
			buildSettings = {
				ALWAYS_SEARCH_USER_PATHS = NO;
				CLANG_ANALYZER_NONNULL = YES;
				CLANG_ANALYZER_NUMBER_OBJECT_CONVERSION = YES_AGGRESSIVE;
				CLANG_CXX_LANGUAGE_STANDARD = "gnu++0x";
				CLANG_CXX_LIBRARY = "libc++";
				CLANG_ENABLE_MODULES = YES;
				CLANG_ENABLE_OBJC_ARC = YES;
				CLANG_WARN_BOOL_CONVERSION = YES;
				CLANG_WARN_CONSTANT_CONVERSION = YES;
				CLANG_WARN_DIRECT_OBJC_ISA_USAGE = YES_ERROR;
				CLANG_WARN_DOCUMENTATION_COMMENTS = YES;
				CLANG_WARN_EMPTY_BODY = YES;
				CLANG_WARN_ENUM_CONVERSION = YES;
				CLANG_WARN_INFINITE_RECURSION = YES;
				CLANG_WARN_INT_CONVERSION = YES;
				CLANG_WARN_OBJC_ROOT_CLASS = YES_ERROR;
				CLANG_WARN_SUSPICIOUS_MOVE = YES;
				CLANG_WARN_UNREACHABLE_CODE = YES;
				CLANG_WARN__DUPLICATE_METHOD_MATCH = YES;
				"CODE_SIGN_IDENTITY[sdk=iphoneos*]" = "iPhone Developer";
				COPY_PHASE_STRIP = NO;
				DEBUG_INFORMATION_FORMAT = dwarf;
				ENABLE_STRICT_OBJC_MSGSEND = YES;
				ENABLE_TESTABILITY = YES;
				GCC_C_LANGUAGE_STANDARD = gnu99;
				GCC_DYNAMIC_NO_PIC = NO;
				GCC_NO_COMMON_BLOCKS = YES;
				GCC_OPTIMIZATION_LEVEL = 0;
				GCC_PREPROCESSOR_DEFINITIONS = (
					"DEBUG=1",
					"$(inherited)",
				);
				GCC_WARN_64_TO_32_BIT_CONVERSION = YES;
				GCC_WARN_ABOUT_RETURN_TYPE = YES_ERROR;
				GCC_WARN_UNDECLARED_SELECTOR = YES;
				GCC_WARN_UNINITIALIZED_AUTOS = YES_AGGRESSIVE;
				GCC_WARN_UNUSED_FUNCTION = YES;
				GCC_WARN_UNUSED_VARIABLE = YES;
				IPHONEOS_DEPLOYMENT_TARGET = 10.3;
				MTL_ENABLE_DEBUG_INFO = YES;
				ONLY_ACTIVE_ARCH = YES;
				SDKROOT = iphoneos;
				TARGETED_DEVICE_FAMILY = 2;
			};
			name = Debug;
		};
		33271FBF1ECAFCBF0064DF9B /* Release */ = {
			isa = XCBuildConfiguration;
			buildSettings = {
				ALWAYS_SEARCH_USER_PATHS = NO;
				CLANG_ANALYZER_NONNULL = YES;
				CLANG_ANALYZER_NUMBER_OBJECT_CONVERSION = YES_AGGRESSIVE;
				CLANG_CXX_LANGUAGE_STANDARD = "gnu++0x";
				CLANG_CXX_LIBRARY = "libc++";
				CLANG_ENABLE_MODULES = YES;
				CLANG_ENABLE_OBJC_ARC = YES;
				CLANG_WARN_BOOL_CONVERSION = YES;
				CLANG_WARN_CONSTANT_CONVERSION = YES;
				CLANG_WARN_DIRECT_OBJC_ISA_USAGE = YES_ERROR;
				CLANG_WARN_DOCUMENTATION_COMMENTS = YES;
				CLANG_WARN_EMPTY_BODY = YES;
				CLANG_WARN_ENUM_CONVERSION = YES;
				CLANG_WARN_INFINITE_RECURSION = YES;
				CLANG_WARN_INT_CONVERSION = YES;
				CLANG_WARN_OBJC_ROOT_CLASS = YES_ERROR;
				CLANG_WARN_SUSPICIOUS_MOVE = YES;
				CLANG_WARN_UNREACHABLE_CODE = YES;
				CLANG_WARN__DUPLICATE_METHOD_MATCH = YES;
				"CODE_SIGN_IDENTITY[sdk=iphoneos*]" = "iPhone Developer";
				COPY_PHASE_STRIP = NO;
				DEBUG_INFORMATION_FORMAT = "dwarf-with-dsym";
				ENABLE_NS_ASSERTIONS = NO;
				ENABLE_STRICT_OBJC_MSGSEND = YES;
				GCC_C_LANGUAGE_STANDARD = gnu99;
				GCC_NO_COMMON_BLOCKS = YES;
				GCC_WARN_64_TO_32_BIT_CONVERSION = YES;
				GCC_WARN_ABOUT_RETURN_TYPE = YES_ERROR;
				GCC_WARN_UNDECLARED_SELECTOR = YES;
				GCC_WARN_UNINITIALIZED_AUTOS = YES_AGGRESSIVE;
				GCC_WARN_UNUSED_FUNCTION = YES;
				GCC_WARN_UNUSED_VARIABLE = YES;
				IPHONEOS_DEPLOYMENT_TARGET = 10.3;
				MTL_ENABLE_DEBUG_INFO = NO;
				SDKROOT = iphoneos;
				TARGETED_DEVICE_FAMILY = 2;
				VALIDATE_PRODUCT = YES;
			};
			name = Release;
		};
		33271FC11ECAFCBF0064DF9B /* Debug */ = {
			isa = XCBuildConfiguration;
			baseConfigurationReference = 939C31A0B451ADD4EABBA2F9 /* Pods-LiuMeiTuanIpad.debug.xcconfig */;
			buildSettings = {
				ASSETCATALOG_COMPILER_APPICON_NAME = AppIcon;
				ASSETCATALOG_COMPILER_LAUNCHIMAGE_NAME = LaunchImage;
				GCC_PREFIX_HEADER = LiuMeiTuanIpad/PrefixHeader.pch;
				INFOPLIST_FILE = LiuMeiTuanIpad/Info.plist;
				IPHONEOS_DEPLOYMENT_TARGET = 9.0;
				LD_RUNPATH_SEARCH_PATHS = "$(inherited) @executable_path/Frameworks";
				PRODUCT_BUNDLE_IDENTIFIER = liuxiaochen.LiuMeiTuanIpad;
				PRODUCT_NAME = "$(TARGET_NAME)";
			};
			name = Debug;
		};
		33271FC21ECAFCBF0064DF9B /* Release */ = {
			isa = XCBuildConfiguration;
			baseConfigurationReference = EFCD8D0664FA612A03F66FFD /* Pods-LiuMeiTuanIpad.release.xcconfig */;
			buildSettings = {
				ASSETCATALOG_COMPILER_APPICON_NAME = AppIcon;
				ASSETCATALOG_COMPILER_LAUNCHIMAGE_NAME = LaunchImage;
				GCC_PREFIX_HEADER = LiuMeiTuanIpad/PrefixHeader.pch;
				INFOPLIST_FILE = LiuMeiTuanIpad/Info.plist;
				IPHONEOS_DEPLOYMENT_TARGET = 9.0;
				LD_RUNPATH_SEARCH_PATHS = "$(inherited) @executable_path/Frameworks";
				PRODUCT_BUNDLE_IDENTIFIER = liuxiaochen.LiuMeiTuanIpad;
				PRODUCT_NAME = "$(TARGET_NAME)";
			};
			name = Release;
		};
/* End XCBuildConfiguration section */

/* Begin XCConfigurationList section */
		33271FA41ECAFCBF0064DF9B /* Build configuration list for PBXProject "LiuMeiTuanIpad" */ = {
			isa = XCConfigurationList;
			buildConfigurations = (
				33271FBE1ECAFCBF0064DF9B /* Debug */,
				33271FBF1ECAFCBF0064DF9B /* Release */,
			);
			defaultConfigurationIsVisible = 0;
			defaultConfigurationName = Release;
		};
		33271FC01ECAFCBF0064DF9B /* Build configuration list for PBXNativeTarget "LiuMeiTuanIpad" */ = {
			isa = XCConfigurationList;
			buildConfigurations = (
				33271FC11ECAFCBF0064DF9B /* Debug */,
				33271FC21ECAFCBF0064DF9B /* Release */,
			);
			defaultConfigurationIsVisible = 0;
			defaultConfigurationName = Release;
		};
/* End XCConfigurationList section */
	};
	rootObject = 33271FA11ECAFCBF0064DF9B /* Project object */;
}
