// !$*UTF8*$!
{
	archiveVersion = 1;
	classes = {
	};
	objectVersion = 46;
	objects = {

/* Begin PBXBuildFile section */
		33271FAE1ECAFCBF0064DF9B /* main.m in Sources */ = {isa = PBXBuildFile; fileRef = 33271FAD1ECAFCBF0064DF9B /* main.m */; };
		33271FB11ECAFCBF0064DF9B /* AppDelegate.m in Sources */ = {isa = PBXBuildFile; fileRef = 33271FB01ECAFCBF0064DF9B /* AppDelegate.m */; };
		33271FB91ECAFCBF0064DF9B /* Assets.xcassets in Resources */ = {isa = PBXBuildFile; fileRef = 33271FB81ECAFCBF0064DF9B /* Assets.xcassets */; };
		33271FC81ECB33A60064DF9B /* categories.plist in Resources */ = {isa = PBXBuildFile; fileRef = 33271FC41ECB33A60064DF9B /* categories.plist */; };
		33271FC91ECB33A60064DF9B /* cities.plist in Resources */ = {isa = PBXBuildFile; fileRef = 33271FC51ECB33A60064DF9B /* cities.plist */; };
		33271FCA1ECB33A60064DF9B /* cityGroups.plist in Resources */ = {isa = PBXBuildFile; fileRef = 33271FC61ECB33A60064DF9B /* cityGroups.plist */; };
		33271FCB1ECB33A60064DF9B /* sorts.plist in Resources */ = {isa = PBXBuildFile; fileRef = 33271FC71ECB33A60064DF9B /* sorts.plist */; };
		33271FD91ECBD6300064DF9B /* LXCBaseTabBarController.m in Sources */ = {isa = PBXBuildFile; fileRef = 33271FD81ECBD6300064DF9B /* LXCBaseTabBarController.m */; };
		33271FDC1ECBD64C0064DF9B /* LXCBaseNavigationController.m in Sources */ = {isa = PBXBuildFile; fileRef = 33271FDB1ECBD64C0064DF9B /* LXCBaseNavigationController.m */; };
/* End PBXBuildFile section */

/* Begin PBXFileReference section */
		33271FA91ECAFCBF0064DF9B /* LiuMeiTuanIpad.app */ = {isa = PBXFileReference; explicitFileType = wrapper.application; includeInIndex = 0; path = LiuMeiTuanIpad.app; sourceTree = BUILT_PRODUCTS_DIR; };
		33271FAD1ECAFCBF0064DF9B /* main.m */ = {isa = PBXFileReference; lastKnownFileType = sourcecode.c.objc; path = main.m; sourceTree = "<group>"; };
		33271FAF1ECAFCBF0064DF9B /* AppDelegate.h */ = {isa = PBXFileReference; lastKnownFileType = sourcecode.c.h; name = AppDelegate.h; path = ../../../AppDelegate.h; sourceTree = "<group>"; };
		33271FB01ECAFCBF0064DF9B /* AppDelegate.m */ = {isa = PBXFileReference; lastKnownFileType = sourcecode.c.objc; name = AppDelegate.m; path = ../../../AppDelegate.m; sourceTree = "<group>"; };
		33271FB81ECAFCBF0064DF9B /* Assets.xcassets */ = {isa = PBXFileReference; lastKnownFileType = folder.assetcatalog; path = Assets.xcassets; sourceTree = "<group>"; };
		33271FBD1ECAFCBF0064DF9B /* Info.plist */ = {isa = PBXFileReference; lastKnownFileType = text.plist.xml; path = Info.plist; sourceTree = "<group>"; };
		33271FC41ECB33A60064DF9B /* categories.plist */ = {isa = PBXFileReference; fileEncoding = 4; lastKnownFileType = text.plist.xml; path = categories.plist; sourceTree = "<group>"; };
		33271FC51ECB33A60064DF9B /* cities.plist */ = {isa = PBXFileReference; fileEncoding = 4; lastKnownFileType = text.plist.xml; path = cities.plist; sourceTree = "<group>"; };
		33271FC61ECB33A60064DF9B /* cityGroups.plist */ = {isa = PBXFileReference; fileEncoding = 4; lastKnownFileType = text.plist.xml; path = cityGroups.plist; sourceTree = "<group>"; };
		33271FC71ECB33A60064DF9B /* sorts.plist */ = {isa = PBXFileReference; fileEncoding = 4; lastKnownFileType = text.plist.xml; path = sorts.plist; sourceTree = "<group>"; };
		33271FD71ECBD6300064DF9B /* LXCBaseTabBarController.h */ = {isa = PBXFileReference; fileEncoding = 4; lastKnownFileType = sourcecode.c.h; path = LXCBaseTabBarController.h; sourceTree = "<group>"; };
		33271FD81ECBD6300064DF9B /* LXCBaseTabBarController.m */ = {isa = PBXFileReference; fileEncoding = 4; lastKnownFileType = sourcecode.c.objc; path = LXCBaseTabBarController.m; sourceTree = "<group>"; };
		33271FDA1ECBD64C0064DF9B /* LXCBaseNavigationController.h */ = {isa = PBXFileReference; fileEncoding = 4; lastKnownFileType = sourcecode.c.h; path = LXCBaseNavigationController.h; sourceTree = "<group>"; };
		33271FDB1ECBD64C0064DF9B /* LXCBaseNavigationController.m */ = {isa = PBXFileReference; fileEncoding = 4; lastKnownFileType = sourcecode.c.objc; path = LXCBaseNavigationController.m; sourceTree = "<group>"; };
/* End PBXFileReference section */

/* Begin PBXFrameworksBuildPhase section */
		33271FA61ECAFCBF0064DF9B /* Frameworks */ = {
			isa = PBXFrameworksBuildPhase;
			buildActionMask = 2147483647;
			files = (
			);
			runOnlyForDeploymentPostprocessing = 0;
		};
/* End PBXFrameworksBuildPhase section */

/* Begin PBXGroup section */
		33271FA01ECAFCBF0064DF9B = {
			isa = PBXGroup;
			children = (
				33271FAB1ECAFCBF0064DF9B /* LiuMeiTuanIpad */,
				33271FAA1ECAFCBF0064DF9B /* Products */,
			);
			sourceTree = "<group>";
		};
		33271FAA1ECAFCBF0064DF9B /* Products */ = {
			isa = PBXGroup;
			children = (
				33271FA91ECAFCBF0064DF9B /* LiuMeiTuanIpad.app */,
			);
			name = Products;
			sourceTree = "<group>";
		};
		33271FAB1ECAFCBF0064DF9B /* LiuMeiTuanIpad */ = {
			isa = PBXGroup;
			children = (
				33271FCC1ECB35E10064DF9B /* Classes */,
				33271FB81ECAFCBF0064DF9B /* Assets.xcassets */,
				33271FBD1ECAFCBF0064DF9B /* Info.plist */,
				33271FAC1ECAFCBF0064DF9B /* Supporting Files */,
			);
			path = LiuMeiTuanIpad;
			sourceTree = "<group>";
		};
		33271FAC1ECAFCBF0064DF9B /* Supporting Files */ = {
			isa = PBXGroup;
			children = (
				33271FAD1ECAFCBF0064DF9B /* main.m */,
				33271FC31ECB33A60064DF9B /* Plist */,
			);
			name = "Supporting Files";
			sourceTree = "<group>";
		};
		33271FC31ECB33A60064DF9B /* Plist */ = {
			isa = PBXGroup;
			children = (
				33271FC41ECB33A60064DF9B /* categories.plist */,
				33271FC51ECB33A60064DF9B /* cities.plist */,
				33271FC61ECB33A60064DF9B /* cityGroups.plist */,
				33271FC71ECB33A60064DF9B /* sorts.plist */,
			);
			path = Plist;
			sourceTree = "<group>";
		};
		33271FCC1ECB35E10064DF9B /* Classes */ = {
			isa = PBXGroup;
			children = (
				33271FCD1ECB35E10064DF9B /* Home */,
				33271FD11ECB35E10064DF9B /* Main */,
			);
			path = Classes;
			sourceTree = "<group>";
		};
		33271FCD1ECB35E10064DF9B /* Home */ = {
			isa = PBXGroup;
			children = (
				33271FCE1ECB35E10064DF9B /* Controller */,
				33271FCF1ECB35E10064DF9B /* Model */,
				33271FD01ECB35E10064DF9B /* View */,
			);
			path = Home;
			sourceTree = "<group>";
		};
		33271FCE1ECB35E10064DF9B /* Controller */ = {
			isa = PBXGroup;
			children = (
			);
			path = Controller;
			sourceTree = "<group>";
		};
		33271FCF1ECB35E10064DF9B /* Model */ = {
			isa = PBXGroup;
			children = (
			);
			path = Model;
			sourceTree = "<group>";
		};
		33271FD01ECB35E10064DF9B /* View */ = {
			isa = PBXGroup;
			children = (
			);
			path = View;
			sourceTree = "<group>";
		};
		33271FD11ECB35E10064DF9B /* Main */ = {
			isa = PBXGroup;
			children = (
				33271FD21ECB35E10064DF9B /* Base */,
				33271FD31ECB35E10064DF9B /* Category */,
				33271FD41ECB35E10064DF9B /* Lib */,
				33271FD51ECB35E10064DF9B /* Other */,
				33271FD61ECB35E10064DF9B /* Tools */,
			);
			path = Main;
			sourceTree = "<group>";
		};
		33271FD21ECB35E10064DF9B /* Base */ = {
			isa = PBXGroup;
			children = (
				33271FD71ECBD6300064DF9B /* LXCBaseTabBarController.h */,
				33271FD81ECBD6300064DF9B /* LXCBaseTabBarController.m */,
				33271FDA1ECBD64C0064DF9B /* LXCBaseNavigationController.h */,
				33271FDB1ECBD64C0064DF9B /* LXCBaseNavigationController.m */,
			);
			path = Base;
			sourceTree = "<group>";
		};
		33271FD31ECB35E10064DF9B /* Category */ = {
			isa = PBXGroup;
			children = (
			);
			path = Category;
			sourceTree = "<group>";
		};
		33271FD41ECB35E10064DF9B /* Lib */ = {
			isa = PBXGroup;
			children = (
			);
			path = Lib;
			sourceTree = "<group>";
		};
		33271FD51ECB35E10064DF9B /* Other */ = {
			isa = PBXGroup;
			children = (
				33271FAF1ECAFCBF0064DF9B /* AppDelegate.h */,
				33271FB01ECAFCBF0064DF9B /* AppDelegate.m */,
			);
			path = Other;
			sourceTree = "<group>";
		};
		33271FD61ECB35E10064DF9B /* Tools */ = {
			isa = PBXGroup;
			children = (
			);
			path = Tools;
			sourceTree = "<group>";
		};
/* End PBXGroup section */

/* Begin PBXNativeTarget section */
		33271FA81ECAFCBF0064DF9B /* LiuMeiTuanIpad */ = {
			isa = PBXNativeTarget;
			buildConfigurationList = 33271FC01ECAFCBF0064DF9B /* Build configuration list for PBXNativeTarget "LiuMeiTuanIpad" */;
			buildPhases = (
				33271FA51ECAFCBF0064DF9B /* Sources */,
				33271FA61ECAFCBF0064DF9B /* Frameworks */,
				33271FA71ECAFCBF0064DF9B /* Resources */,
			);
			buildRules = (
			);
			dependencies = (
			);
			name = LiuMeiTuanIpad;
			productName = LiuMeiTuanIpad;
			productReference = 33271FA91ECAFCBF0064DF9B /* LiuMeiTuanIpad.app */;
			productType = "com.apple.product-type.application";
		};
/* End PBXNativeTarget section */

/* Begin PBXProject section */
		33271FA11ECAFCBF0064DF9B /* Project object */ = {
			isa = PBXProject;
			attributes = {
				LastUpgradeCheck = 0830;
				ORGANIZATIONNAME = "刘晓晨";
				TargetAttributes = {
					33271FA81ECAFCBF0064DF9B = {
						CreatedOnToolsVersion = 8.3.2;
						ProvisioningStyle = Automatic;
					};
				};
			};
			buildConfigurationList = 33271FA41ECAFCBF0064DF9B /* Build configuration list for PBXProject "LiuMeiTuanIpad" */;
			compatibilityVersion = "Xcode 3.2";
			developmentRegion = English;
			hasScannedForEncodings = 0;
			knownRegions = (
				en,
				Base,
			);
			mainGroup = 33271FA01ECAFCBF0064DF9B;
			productRefGroup = 33271FAA1ECAFCBF0064DF9B /* Products */;
			projectDirPath = "";
			projectRoot = "";
			targets = (
				33271FA81ECAFCBF0064DF9B /* LiuMeiTuanIpad */,
			);
		};
/* End PBXProject section */

/* Begin PBXResourcesBuildPhase section */
		33271FA71ECAFCBF0064DF9B /* Resources */ = {
			isa = PBXResourcesBuildPhase;
			buildActionMask = 2147483647;
			files = (
				33271FC91ECB33A60064DF9B /* cities.plist in Resources */,
				33271FC81ECB33A60064DF9B /* categories.plist in Resources */,
				33271FCB1ECB33A60064DF9B /* sorts.plist in Resources */,
				33271FB91ECAFCBF0064DF9B /* Assets.xcassets in Resources */,
				33271FCA1ECB33A60064DF9B /* cityGroups.plist in Resources */,
			);
			runOnlyForDeploymentPostprocessing = 0;
		};
/* End PBXResourcesBuildPhase section */

/* Begin PBXSourcesBuildPhase section */
		33271FA51ECAFCBF0064DF9B /* Sources */ = {
			isa = PBXSourcesBuildPhase;
			buildActionMask = 2147483647;
			files = (
				33271FB11ECAFCBF0064DF9B /* AppDelegate.m in Sources */,
				33271FD91ECBD6300064DF9B /* LXCBaseTabBarController.m in Sources */,
				33271FDC1ECBD64C0064DF9B /* LXCBaseNavigationController.m in Sources */,
				33271FAE1ECAFCBF0064DF9B /* main.m in Sources */,
			);
			runOnlyForDeploymentPostprocessing = 0;
		};
/* End PBXSourcesBuildPhase section */

/* Begin XCBuildConfiguration section */
		33271FBE1ECAFCBF0064DF9B /* Debug */ = {
			isa = XCBuildConfiguration;
			buildSettings = {
				ALWAYS_SEARCH_USER_PATHS = NO;
				CLANG_ANALYZER_NONNULL = YES;
				CLANG_ANALYZER_NUMBER_OBJECT_CONVERSION = YES_AGGRESSIVE;
				CLANG_CXX_LANGUAGE_STANDARD = "gnu++0x";
				CLANG_CXX_LIBRARY = "libc++";
				CLANG_ENABLE_MODULES = YES;
				CLANG_ENABLE_OBJC_ARC = YES;
				CLANG_WARN_BOOL_CONVERSION = YES;
				CLANG_WARN_CONSTANT_CONVERSION = YES;
				CLANG_WARN_DIRECT_OBJC_ISA_USAGE = YES_ERROR;
				CLANG_WARN_DOCUMENTATION_COMMENTS = YES;
				CLANG_WARN_EMPTY_BODY = YES;
				CLANG_WARN_ENUM_CONVERSION = YES;
				CLANG_WARN_INFINITE_RECURSION = YES;
				CLANG_WARN_INT_CONVERSION = YES;
				CLANG_WARN_OBJC_ROOT_CLASS = YES_ERROR;
				CLANG_WARN_SUSPICIOUS_MOVE = YES;
				CLANG_WARN_UNREACHABLE_CODE = YES;
				CLANG_WARN__DUPLICATE_METHOD_MATCH = YES;
				"CODE_SIGN_IDENTITY[sdk=iphoneos*]" = "iPhone Developer";
				COPY_PHASE_STRIP = NO;
				DEBUG_INFORMATION_FORMAT = dwarf;
				ENABLE_STRICT_OBJC_MSGSEND = YES;
				ENABLE_TESTABILITY = YES;
				GCC_C_LANGUAGE_STANDARD = gnu99;
				GCC_DYNAMIC_NO_PIC = NO;
				GCC_NO_COMMON_BLOCKS = YES;
				GCC_OPTIMIZATION_LEVEL = 0;
				GCC_PREPROCESSOR_DEFINITIONS = (
					"DEBUG=1",
					"$(inherited)",
				);
				GCC_WARN_64_TO_32_BIT_CONVERSION = YES;
				GCC_WARN_ABOUT_RETURN_TYPE = YES_ERROR;
				GCC_WARN_UNDECLARED_SELECTOR = YES;
				GCC_WARN_UNINITIALIZED_AUTOS = YES_AGGRESSIVE;
				GCC_WARN_UNUSED_FUNCTION = YES;
				GCC_WARN_UNUSED_VARIABLE = YES;
				IPHONEOS_DEPLOYMENT_TARGET = 10.3;
				MTL_ENABLE_DEBUG_INFO = YES;
				ONLY_ACTIVE_ARCH = YES;
				SDKROOT = iphoneos;
				TARGETED_DEVICE_FAMILY = 2;
			};
			name = Debug;
		};
		33271FBF1ECAFCBF0064DF9B /* Release */ = {
			isa = XCBuildConfiguration;
			buildSettings = {
				ALWAYS_SEARCH_USER_PATHS = NO;
				CLANG_ANALYZER_NONNULL = YES;
				CLANG_ANALYZER_NUMBER_OBJECT_CONVERSION = YES_AGGRESSIVE;
				CLANG_CXX_LANGUAGE_STANDARD = "gnu++0x";
				CLANG_CXX_LIBRARY = "libc++";
				CLANG_ENABLE_MODULES = YES;
				CLANG_ENABLE_OBJC_ARC = YES;
				CLANG_WARN_BOOL_CONVERSION = YES;
				CLANG_WARN_CONSTANT_CONVERSION = YES;
				CLANG_WARN_DIRECT_OBJC_ISA_USAGE = YES_ERROR;
				CLANG_WARN_DOCUMENTATION_COMMENTS = YES;
				CLANG_WARN_EMPTY_BODY = YES;
				CLANG_WARN_ENUM_CONVERSION = YES;
				CLANG_WARN_INFINITE_RECURSION = YES;
				CLANG_WARN_INT_CONVERSION = YES;
				CLANG_WARN_OBJC_ROOT_CLASS = YES_ERROR;
				CLANG_WARN_SUSPICIOUS_MOVE = YES;
				CLANG_WARN_UNREACHABLE_CODE = YES;
				CLANG_WARN__DUPLICATE_METHOD_MATCH = YES;
				"CODE_SIGN_IDENTITY[sdk=iphoneos*]" = "iPhone Developer";
				COPY_PHASE_STRIP = NO;
				DEBUG_INFORMATION_FORMAT = "dwarf-with-dsym";
				ENABLE_NS_ASSERTIONS = NO;
				ENABLE_STRICT_OBJC_MSGSEND = YES;
				GCC_C_LANGUAGE_STANDARD = gnu99;
				GCC_NO_COMMON_BLOCKS = YES;
				GCC_WARN_64_TO_32_BIT_CONVERSION = YES;
				GCC_WARN_ABOUT_RETURN_TYPE = YES_ERROR;
				GCC_WARN_UNDECLARED_SELECTOR = YES;
				GCC_WARN_UNINITIALIZED_AUTOS = YES_AGGRESSIVE;
				GCC_WARN_UNUSED_FUNCTION = YES;
				GCC_WARN_UNUSED_VARIABLE = YES;
				IPHONEOS_DEPLOYMENT_TARGET = 10.3;
				MTL_ENABLE_DEBUG_INFO = NO;
				SDKROOT = iphoneos;
				TARGETED_DEVICE_FAMILY = 2;
				VALIDATE_PRODUCT = YES;
			};
			name = Release;
		};
		33271FC11ECAFCBF0064DF9B /* Debug */ = {
			isa = XCBuildConfiguration;
			buildSettings = {
				ASSETCATALOG_COMPILER_APPICON_NAME = AppIcon;
				ASSETCATALOG_COMPILER_LAUNCHIMAGE_NAME = LaunchImage;
				INFOPLIST_FILE = LiuMeiTuanIpad/Info.plist;
				IPHONEOS_DEPLOYMENT_TARGET = 9.0;
				LD_RUNPATH_SEARCH_PATHS = "$(inherited) @executable_path/Frameworks";
				PRODUCT_BUNDLE_IDENTIFIER = liuxiaochen.LiuMeiTuanIpad;
				PRODUCT_NAME = "$(TARGET_NAME)";
			};
			name = Debug;
		};
		33271FC21ECAFCBF0064DF9B /* Release */ = {
			isa = XCBuildConfiguration;
			buildSettings = {
				ASSETCATALOG_COMPILER_APPICON_NAME = AppIcon;
				ASSETCATALOG_COMPILER_LAUNCHIMAGE_NAME = LaunchImage;
				INFOPLIST_FILE = LiuMeiTuanIpad/Info.plist;
				IPHONEOS_DEPLOYMENT_TARGET = 9.0;
				LD_RUNPATH_SEARCH_PATHS = "$(inherited) @executable_path/Frameworks";
				PRODUCT_BUNDLE_IDENTIFIER = liuxiaochen.LiuMeiTuanIpad;
				PRODUCT_NAME = "$(TARGET_NAME)";
			};
			name = Release;
		};
/* End XCBuildConfiguration section */

/* Begin XCConfigurationList section */
		33271FA41ECAFCBF0064DF9B /* Build configuration list for PBXProject "LiuMeiTuanIpad" */ = {
			isa = XCConfigurationList;
			buildConfigurations = (
				33271FBE1ECAFCBF0064DF9B /* Debug */,
				33271FBF1ECAFCBF0064DF9B /* Release */,
			);
			defaultConfigurationIsVisible = 0;
			defaultConfigurationName = Release;
		};
		33271FC01ECAFCBF0064DF9B /* Build configuration list for PBXNativeTarget "LiuMeiTuanIpad" */ = {
			isa = XCConfigurationList;
			buildConfigurations = (
				33271FC11ECAFCBF0064DF9B /* Debug */,
				33271FC21ECAFCBF0064DF9B /* Release */,
			);
			defaultConfigurationIsVisible = 0;
			defaultConfigurationName = Release;
		};
/* End XCConfigurationList section */
	};
	rootObject = 33271FA11ECAFCBF0064DF9B /* Project object */;
}
